
Microsoft Visual Studio Solution File, Format Version 12.00
# Visual Studio Version 17
VisualStudioVersion = 17.9.34701.34
MinimumVisualStudioVersion = 10.0.40219.1
Project("{FAE04EC0-301F-11D3-BF4B-00C04F79EFBC}") = "1-Giriş", "1-Giriş.csproj", "{190165A3-BB8F-4E78-8988-F3E5460F1016}"
EndProject
Project("{FAE04EC0-301F-11D3-BF4B-00C04F79EFBC}") = "2-ClassOrnekler", "..\2-ClassOrnekler\2-ClassOrnekler.csproj", "{C35E36F2-6E84-48F9-96CF-AAE5C58D45A2}"
EndProject
Global
	GlobalSection(SolutionConfigurationPlatforms) = preSolution
		Debug|Any CPU = Debug|Any CPU
		Release|Any CPU = Release|Any CPU
	EndGlobalSection
	GlobalSection(ProjectConfigurationPlatforms) = postSolution
		{190165A3-BB8F-4E78-8988-F3E5460F1016}.Debug|Any CPU.ActiveCfg = Debug|Any CPU
		{190165A3-BB8F-4E78-8988-F3E5460F1016}.Debug|Any CPU.Build.0 = Debug|Any CPU
		{190165A3-BB8F-4E78-8988-F3E5460F1016}.Release|Any CPU.ActiveCfg = Release|Any CPU
		{190165A3-BB8F-4E78-8988-F3E5460F1016}.Release|Any CPU.Build.0 = Release|Any CPU
		{C35E36F2-6E84-48F9-96CF-AAE5C58D45A2}.Debug|Any CPU.ActiveCfg = Debug|Any CPU
		{C35E36F2-6E84-48F9-96CF-AAE5C58D45A2}.Debug|Any CPU.Build.0 = Debug|Any CPU
		{C35E36F2-6E84-48F9-96CF-AAE5C58D45A2}.Release|Any CPU.ActiveCfg = Release|Any CPU
		{C35E36F2-6E84-48F9-96CF-AAE5C58D45A2}.Release|Any CPU.Build.0 = Release|Any CPU
	EndGlobalSection
	GlobalSection(SolutionProperties) = preSolution
		HideSolutionNode = FALSE
	EndGlobalSection
	GlobalSection(ExtensibilityGlobals) = postSolution
		SolutionGuid = {58B41214-6650-4854-A842-7113FC3518E0}
	EndGlobalSection
EndGlobal
