
Microsoft Visual Studio Solution File, Format Version 12.00
# Visual Studio Version 17
VisualStudioVersion = 17.9.34701.34
MinimumVisualStudioVersion = 10.0.40219.1
Project("{FAE04EC0-301F-11D3-BF4B-00C04F79EFBC}") = "1-Giris", "1-Giris\1-Giris.csproj", "{C92FCB73-2589-4D02-A66E-8ABEA30AD429}"
EndProject
Project("{FAE04EC0-301F-11D3-BF4B-00C04F79EFBC}") = "2-ClassOrnekler", "2-ClassOrnekler\2-ClassOrnekler.csproj", "{F43236D8-3CFD-4AFE-8DC6-146B3BD6B072}"
EndProject
Global
	GlobalSection(SolutionConfigurationPlatforms) = preSolution
		Debug|Any CPU = Debug|Any CPU
		Release|Any CPU = Release|Any CPU
	EndGlobalSection
	GlobalSection(ProjectConfigurationPlatforms) = postSolution
		{C92FCB73-2589-4D02-A66E-8ABEA30AD429}.Debug|Any CPU.ActiveCfg = Debug|Any CPU
		{C92FCB73-2589-4D02-A66E-8ABEA30AD429}.Debug|Any CPU.Build.0 = Debug|Any CPU
		{C92FCB73-2589-4D02-A66E-8ABEA30AD429}.Release|Any CPU.ActiveCfg = Release|Any CPU
		{C92FCB73-2589-4D02-A66E-8ABEA30AD429}.Release|Any CPU.Build.0 = Release|Any CPU
		{F43236D8-3CFD-4AFE-8DC6-146B3BD6B072}.Debug|Any CPU.ActiveCfg = Debug|Any CPU
		{F43236D8-3CFD-4AFE-8DC6-146B3BD6B072}.Debug|Any CPU.Build.0 = Debug|Any CPU
		{F43236D8-3CFD-4AFE-8DC6-146B3BD6B072}.Release|Any CPU.ActiveCfg = Release|Any CPU
		{F43236D8-3CFD-4AFE-8DC6-146B3BD6B072}.Release|Any CPU.Build.0 = Release|Any CPU
	EndGlobalSection
	GlobalSection(SolutionProperties) = preSolution
		HideSolutionNode = FALSE
	EndGlobalSection
	GlobalSection(ExtensibilityGlobals) = postSolution
		SolutionGuid = {FEE42A0A-A45A-43D2-B852-3ED052B8C1C7}
	EndGlobalSection
EndGlobal
